
Microsoft Visual Studio Solution File, Format Version 12.00
# Visual Studio Version 17
VisualStudioVersion = 17.9.34723.18
MinimumVisualStudioVersion = 10.0.40219.1
Project("{2150E333-8FDC-42A3-9474-1A3956D46DE8}") = "src", "src", "{95095DA3-7A03-45C0-913D-5D82683F4E06}"
EndProject
Project("{2150E333-8FDC-42A3-9474-1A3956D46DE8}") = "test", "test", "{85EC4C14-BDFF-4FA9-B53D-1A166D38EA9F}"
EndProject
Project("{9A19103F-16F7-4668-BE54-9A1E7A4F7556}") = "Bookify.Domain", "Bookify.Domain\Bookify.Domain.csproj", "{C99C0B70-30E8-452B-810B-E778A8C57ED6}"
EndProject
Project("{9A19103F-16F7-4668-BE54-9A1E7A4F7556}") = "Bookify.Application", "Bookify.Application\Bookify.Application.csproj", "{9E124CC5-B245-426E-9663-A487EA969FA9}"
EndProject
Project("{9A19103F-16F7-4668-BE54-9A1E7A4F7556}") = "Bookify.Infrastructure", "Bookify.Infrastructure\Bookify.Infrastructure.csproj", "{A50E5337-0CEC-48E0-A176-473628BD4D08}"
EndProject
Global
	GlobalSection(SolutionConfigurationPlatforms) = preSolution
		Debug|Any CPU = Debug|Any CPU
		Release|Any CPU = Release|Any CPU
	EndGlobalSection
	GlobalSection(ProjectConfigurationPlatforms) = postSolution
		{C99C0B70-30E8-452B-810B-E778A8C57ED6}.Debug|Any CPU.ActiveCfg = Debug|Any CPU
		{C99C0B70-30E8-452B-810B-E778A8C57ED6}.Debug|Any CPU.Build.0 = Debug|Any CPU
		{C99C0B70-30E8-452B-810B-E778A8C57ED6}.Release|Any CPU.ActiveCfg = Release|Any CPU
		{C99C0B70-30E8-452B-810B-E778A8C57ED6}.Release|Any CPU.Build.0 = Release|Any CPU
		{9E124CC5-B245-426E-9663-A487EA969FA9}.Debug|Any CPU.ActiveCfg = Debug|Any CPU
		{9E124CC5-B245-426E-9663-A487EA969FA9}.Debug|Any CPU.Build.0 = Debug|Any CPU
		{9E124CC5-B245-426E-9663-A487EA969FA9}.Release|Any CPU.ActiveCfg = Release|Any CPU
		{9E124CC5-B245-426E-9663-A487EA969FA9}.Release|Any CPU.Build.0 = Release|Any CPU
		{A50E5337-0CEC-48E0-A176-473628BD4D08}.Debug|Any CPU.ActiveCfg = Debug|Any CPU
		{A50E5337-0CEC-48E0-A176-473628BD4D08}.Debug|Any CPU.Build.0 = Debug|Any CPU
		{A50E5337-0CEC-48E0-A176-473628BD4D08}.Release|Any CPU.ActiveCfg = Release|Any CPU
		{A50E5337-0CEC-48E0-A176-473628BD4D08}.Release|Any CPU.Build.0 = Release|Any CPU
	EndGlobalSection
	GlobalSection(SolutionProperties) = preSolution
		HideSolutionNode = FALSE
	EndGlobalSection
	GlobalSection(NestedProjects) = preSolution
		{C99C0B70-30E8-452B-810B-E778A8C57ED6} = {95095DA3-7A03-45C0-913D-5D82683F4E06}
		{9E124CC5-B245-426E-9663-A487EA969FA9} = {95095DA3-7A03-45C0-913D-5D82683F4E06}
		{A50E5337-0CEC-48E0-A176-473628BD4D08} = {95095DA3-7A03-45C0-913D-5D82683F4E06}
	EndGlobalSection
	GlobalSection(ExtensibilityGlobals) = postSolution
		SolutionGuid = {C85DB9AD-D28D-4389-B118-E8BC5C5C26C4}
	EndGlobalSection
EndGlobal
